
Microsoft Visual Studio Solution File, Format Version 12.00
# Visual Studio Version 17
VisualStudioVersion = 17.1.32421.90
MinimumVisualStudioVersion = 10.0.40219.1
Project("{FAE04EC0-301F-11D3-BF4B-00C04F79EFBC}") = "Lab_8_OOP", "Lab_8_OOP\Lab_8_OOP.csproj", "{77E42C40-6DB0-4361-9DE8-DE1C3E52AF36}"
EndProject
Global
	GlobalSection(SolutionConfigurationPlatforms) = preSolution
		Debug|Any CPU = Debug|Any CPU
		Release|Any CPU = Release|Any CPU
	EndGlobalSection
	GlobalSection(ProjectConfigurationPlatforms) = postSolution
		{77E42C40-6DB0-4361-9DE8-DE1C3E52AF36}.Debug|Any CPU.ActiveCfg = Debug|Any CPU
		{77E42C40-6DB0-4361-9DE8-DE1C3E52AF36}.Debug|Any CPU.Build.0 = Debug|Any CPU
		{77E42C40-6DB0-4361-9DE8-DE1C3E52AF36}.Release|Any CPU.ActiveCfg = Release|Any CPU
		{77E42C40-6DB0-4361-9DE8-DE1C3E52AF36}.Release|Any CPU.Build.0 = Release|Any CPU
	EndGlobalSection
	GlobalSection(SolutionProperties) = preSolution
		HideSolutionNode = FALSE
	EndGlobalSection
	GlobalSection(ExtensibilityGlobals) = postSolution
		SolutionGuid = {FC328768-0834-4FA3-96E0-B51E2987EA63}
	EndGlobalSection
EndGlobal
